// !$*UTF8*$!
{
	archiveVersion = 1;
	classes = {
	};
	objectVersion = 46;
	objects = {

/* Begin PBXBuildFile section */
		2C6F5488D3565ED5DD1E2480 /* libPods-TBVAssetsPicker.a in Frameworks */ = {isa = PBXBuildFile; fileRef = 8294FB311E9EE7100775198C /* libPods-TBVAssetsPicker.a */; };
		D68529F61D84DD2700359C9E /* main.m in Sources */ = {isa = PBXBuildFile; fileRef = D68529F51D84DD2700359C9E /* main.m */; };
		D68529F91D84DD2700359C9E /* AppDelegate.m in Sources */ = {isa = PBXBuildFile; fileRef = D68529F81D84DD2700359C9E /* AppDelegate.m */; };
		D68529FC1D84DD2700359C9E /* ViewController.m in Sources */ = {isa = PBXBuildFile; fileRef = D68529FB1D84DD2700359C9E /* ViewController.m */; };
		D68529FF1D84DD2700359C9E /* Main.storyboard in Resources */ = {isa = PBXBuildFile; fileRef = D68529FD1D84DD2700359C9E /* Main.storyboard */; };
		D6852A011D84DD2700359C9E /* Assets.xcassets in Resources */ = {isa = PBXBuildFile; fileRef = D6852A001D84DD2700359C9E /* Assets.xcassets */; };
		D6852A041D84DD2700359C9E /* LaunchScreen.storyboard in Resources */ = {isa = PBXBuildFile; fileRef = D6852A021D84DD2700359C9E /* LaunchScreen.storyboard */; };
		D6852A0F1D84DD2700359C9E /* TBVAssetsPickerTests.m in Sources */ = {isa = PBXBuildFile; fileRef = D6852A0E1D84DD2700359C9E /* TBVAssetsPickerTests.m */; };
		D6852A1A1D84DD2700359C9E /* TBVAssetsPickerUITests.m in Sources */ = {isa = PBXBuildFile; fileRef = D6852A191D84DD2700359C9E /* TBVAssetsPickerUITests.m */; };
		D6852A851D84DD7B00359C9E /* TBVAssetsItemViewModel.m in Sources */ = {isa = PBXBuildFile; fileRef = D6852A2A1D84DD7B00359C9E /* TBVAssetsItemViewModel.m */; };
		D6852A861D84DD7B00359C9E /* TBVAssetsPickerSelectButton.m in Sources */ = {isa = PBXBuildFile; fileRef = D6852A2C1D84DD7B00359C9E /* TBVAssetsPickerSelectButton.m */; };
		D6852A871D84DD7B00359C9E /* TBVAssetsViewModel.m in Sources */ = {isa = PBXBuildFile; fileRef = D6852A2E1D84DD7B00359C9E /* TBVAssetsViewModel.m */; };
		D6852A881D84DD7B00359C9E /* TBVAssetsBrowserFlowLayout.m in Sources */ = {isa = PBXBuildFile; fileRef = D6852A311D84DD7B00359C9E /* TBVAssetsBrowserFlowLayout.m */; };
		D6852A891D84DD7B00359C9E /* TBVAssetsBrowserItemViewModel.m in Sources */ = {isa = PBXBuildFile; fileRef = D6852A331D84DD7B00359C9E /* TBVAssetsBrowserItemViewModel.m */; };
		D6852A8A1D84DD7B00359C9E /* TBVAssetsBrowserViewCell.m in Sources */ = {isa = PBXBuildFile; fileRef = D6852A351D84DD7B00359C9E /* TBVAssetsBrowserViewCell.m */; };
		D6852A8B1D84DD7B00359C9E /* TBVAssetsBrowserViewController.m in Sources */ = {isa = PBXBuildFile; fileRef = D6852A371D84DD7B00359C9E /* TBVAssetsBrowserViewController.m */; };
		D6852A8C1D84DD7B00359C9E /* TBVAssetsBrowserViewModel.m in Sources */ = {isa = PBXBuildFile; fileRef = D6852A391D84DD7B00359C9E /* TBVAssetsBrowserViewModel.m */; };
		D6852A8D1D84DD7B00359C9E /* ALAssetsFilter+TBVAssetsPicker.m in Sources */ = {isa = PBXBuildFile; fileRef = D6852A3C1D84DD7B00359C9E /* ALAssetsFilter+TBVAssetsPicker.m */; };
		D6852A8E1D84DD7B00359C9E /* ALAssetsLibrary+TBVAssetsPicker.m in Sources */ = {isa = PBXBuildFile; fileRef = D6852A3E1D84DD7B00359C9E /* ALAssetsLibrary+TBVAssetsPicker.m */; };
		D6852A8F1D84DD7B00359C9E /* NSObject+TBVAssetsPicker.m in Sources */ = {isa = PBXBuildFile; fileRef = D6852A401D84DD7B00359C9E /* NSObject+TBVAssetsPicker.m */; };
		D6852A901D84DD7B00359C9E /* PHAssetCollection+TBVAssetsPicker.m in Sources */ = {isa = PBXBuildFile; fileRef = D6852A421D84DD7B00359C9E /* PHAssetCollection+TBVAssetsPicker.m */; };
		D6852A911D84DD7B00359C9E /* PHFetchOptions+TBVAssetsPicker.m in Sources */ = {isa = PBXBuildFile; fileRef = D6852A441D84DD7B00359C9E /* PHFetchOptions+TBVAssetsPicker.m */; };
		D6852A921D84DD7B00359C9E /* PHImageManager+TBVAssetsPicker.m in Sources */ = {isa = PBXBuildFile; fileRef = D6852A461D84DD7B00359C9E /* PHImageManager+TBVAssetsPicker.m */; };
		D6852A931D84DD7B00359C9E /* PHPhotoLibrary+TBVAssetsPicker.m in Sources */ = {isa = PBXBuildFile; fileRef = D6852A481D84DD7B00359C9E /* PHPhotoLibrary+TBVAssetsPicker.m */; };
		D6852A941D84DD7B00359C9E /* TBVAssetsPickerController+PickerManager.m in Sources */ = {isa = PBXBuildFile; fileRef = D6852A4A1D84DD7B00359C9E /* TBVAssetsPickerController+PickerManager.m */; };
		D6852A951D84DD7B00359C9E /* TBVAssetsPickerManager+ALManager.m in Sources */ = {isa = PBXBuildFile; fileRef = D6852A4C1D84DD7B00359C9E /* TBVAssetsPickerManager+ALManager.m */; };
		D6852A961D84DD7B00359C9E /* TBVAssetsPickerManager+Authorization.m in Sources */ = {isa = PBXBuildFile; fileRef = D6852A4E1D84DD7B00359C9E /* TBVAssetsPickerManager+Authorization.m */; };
		D6852A971D84DD7B00359C9E /* TBVAssetsPickerManager+PHManager.m in Sources */ = {isa = PBXBuildFile; fileRef = D6852A501D84DD7B00359C9E /* TBVAssetsPickerManager+PHManager.m */; };
		D6852A981D84DD7B00359C9E /* UIViewController+TBVAssetsPicker.m in Sources */ = {isa = PBXBuildFile; fileRef = D6852A521D84DD7B00359C9E /* UIViewController+TBVAssetsPicker.m */; };
		D6852A991D84DD7B00359C9E /* TBVAssetsCollectionItemViewModel.m in Sources */ = {isa = PBXBuildFile; fileRef = D6852A551D84DD7B00359C9E /* TBVAssetsCollectionItemViewModel.m */; };
		D6852A9A1D84DD7B00359C9E /* TBVAssetsCollectionViewCell.m in Sources */ = {isa = PBXBuildFile; fileRef = D6852A571D84DD7B00359C9E /* TBVAssetsCollectionViewCell.m */; };
		D6852A9B1D84DD7B00359C9E /* TBVAssetsCollectionViewController.m in Sources */ = {isa = PBXBuildFile; fileRef = D6852A591D84DD7B00359C9E /* TBVAssetsCollectionViewController.m */; };
		D6852A9C1D84DD7B00359C9E /* TBVAssetsCollectionViewModel.m in Sources */ = {isa = PBXBuildFile; fileRef = D6852A5B1D84DD7B00359C9E /* TBVAssetsCollectionViewModel.m */; };
		D6852A9D1D84DD7B00359C9E /* TBVAssetsPickerAccessDeniedViewController.m in Sources */ = {isa = PBXBuildFile; fileRef = D6852A5E1D84DD7B00359C9E /* TBVAssetsPickerAccessDeniedViewController.m */; };
		D6852A9E1D84DD7B00359C9E /* TBVAssetsGridFlowLayout.m in Sources */ = {isa = PBXBuildFile; fileRef = D6852A611D84DD7B00359C9E /* TBVAssetsGridFlowLayout.m */; };
		D6852A9F1D84DD7B00359C9E /* TBVAssetsGridItemViewModel.m in Sources */ = {isa = PBXBuildFile; fileRef = D6852A631D84DD7B00359C9E /* TBVAssetsGridItemViewModel.m */; };
		D6852AA01D84DD7B00359C9E /* TBVAssetsGridViewCell.m in Sources */ = {isa = PBXBuildFile; fileRef = D6852A651D84DD7B00359C9E /* TBVAssetsGridViewCell.m */; };
		D6852AA11D84DD7B00359C9E /* TBVAssetsGridViewController.m in Sources */ = {isa = PBXBuildFile; fileRef = D6852A671D84DD7B00359C9E /* TBVAssetsGridViewController.m */; };
		D6852AA21D84DD7B00359C9E /* TBVAssetsGridViewModel.m in Sources */ = {isa = PBXBuildFile; fileRef = D6852A691D84DD7B00359C9E /* TBVAssetsGridViewModel.m */; };
		D6852AA31D84DD7B00359C9E /* TBVAssetsPickerViewModelHelper.m in Sources */ = {isa = PBXBuildFile; fileRef = D6852A6C1D84DD7B00359C9E /* TBVAssetsPickerViewModelHelper.m */; };
		D6852AA41D84DD7B00359C9E /* TBVAssetsLibrary.m in Sources */ = {isa = PBXBuildFile; fileRef = D6852A6F1D84DD7B00359C9E /* TBVAssetsLibrary.m */; };
		D6852AA51D84DD7B00359C9E /* TBVAssetsPickerManager.m in Sources */ = {isa = PBXBuildFile; fileRef = D6852A721D84DD7B00359C9E /* TBVAssetsPickerManager.m */; };
		D6852AA61D84DD7B00359C9E /* TBVCachingImageManager.m in Sources */ = {isa = PBXBuildFile; fileRef = D6852A741D84DD7B00359C9E /* TBVCachingImageManager.m */; };
		D6852AA71D84DD7B00359C9E /* TBVAsset.m in Sources */ = {isa = PBXBuildFile; fileRef = D6852A771D84DD7B00359C9E /* TBVAsset.m */; };
		D6852AA81D84DD7B00359C9E /* TBVCollection.m in Sources */ = {isa = PBXBuildFile; fileRef = D6852A791D84DD7B00359C9E /* TBVCollection.m */; };
		D6852AA91D84DD7B00359C9E /* TBVAssetsPickerController.m in Sources */ = {isa = PBXBuildFile; fileRef = D6852A7B1D84DD7B00359C9E /* TBVAssetsPickerController.m */; };
		D6852AAA1D84DD7B00359C9E /* TBVAssetsPickerTypes.m in Sources */ = {isa = PBXBuildFile; fileRef = D6852A7D1D84DD7B00359C9E /* TBVAssetsPickerTypes.m */; };
		D6852AAB1D84DD7B00359C9E /* TBVAssetsFileSizeToolBar.m in Sources */ = {isa = PBXBuildFile; fileRef = D6852A801D84DD7B00359C9E /* TBVAssetsFileSizeToolBar.m */; };
		D6852AAC1D84DD7B00359C9E /* TBVAssetsSendToolBar.m in Sources */ = {isa = PBXBuildFile; fileRef = D6852A821D84DD7B00359C9E /* TBVAssetsSendToolBar.m */; };
		D6852AAD1D84DD7B00359C9E /* TBVAssetsToolBarViewModel.m in Sources */ = {isa = PBXBuildFile; fileRef = D6852A841D84DD7B00359C9E /* TBVAssetsToolBarViewModel.m */; };
/* End PBXBuildFile section */

/* Begin PBXContainerItemProxy section */
		D6852A0B1D84DD2700359C9E /* PBXContainerItemProxy */ = {
			isa = PBXContainerItemProxy;
			containerPortal = D68529E91D84DD2700359C9E /* Project object */;
			proxyType = 1;
			remoteGlobalIDString = D68529F01D84DD2700359C9E;
			remoteInfo = TBVAssetsPicker;
		};
		D6852A161D84DD2700359C9E /* PBXContainerItemProxy */ = {
			isa = PBXContainerItemProxy;
			containerPortal = D68529E91D84DD2700359C9E /* Project object */;
			proxyType = 1;
			remoteGlobalIDString = D68529F01D84DD2700359C9E;
			remoteInfo = TBVAssetsPicker;
		};
/* End PBXContainerItemProxy section */

/* Begin PBXFileReference section */
		41B99AF05E51E70262C050E4 /* Pods-TBVAssetsPicker.release.xcconfig */ = {isa = PBXFileReference; includeInIndex = 1; lastKnownFileType = text.xcconfig; name = "Pods-TBVAssetsPicker.release.xcconfig"; path = "Pods/Target Support Files/Pods-TBVAssetsPicker/Pods-TBVAssetsPicker.release.xcconfig"; sourceTree = "<group>"; };
		8294FB311E9EE7100775198C /* libPods-TBVAssetsPicker.a */ = {isa = PBXFileReference; explicitFileType = archive.ar; includeInIndex = 0; path = "libPods-TBVAssetsPicker.a"; sourceTree = BUILT_PRODUCTS_DIR; };
		CFBC365BD102809CAFEE2702 /* Pods-TBVAssetsPicker.debug.xcconfig */ = {isa = PBXFileReference; includeInIndex = 1; lastKnownFileType = text.xcconfig; name = "Pods-TBVAssetsPicker.debug.xcconfig"; path = "Pods/Target Support Files/Pods-TBVAssetsPicker/Pods-TBVAssetsPicker.debug.xcconfig"; sourceTree = "<group>"; };
		D68529F11D84DD2700359C9E /* TBVAssetsPicker.app */ = {isa = PBXFileReference; explicitFileType = wrapper.application; includeInIndex = 0; path = TBVAssetsPicker.app; sourceTree = BUILT_PRODUCTS_DIR; };
		D68529F51D84DD2700359C9E /* main.m */ = {isa = PBXFileReference; lastKnownFileType = sourcecode.c.objc; path = main.m; sourceTree = "<group>"; };
		D68529F71D84DD2700359C9E /* AppDelegate.h */ = {isa = PBXFileReference; lastKnownFileType = sourcecode.c.h; path = AppDelegate.h; sourceTree = "<group>"; };
		D68529F81D84DD2700359C9E /* AppDelegate.m */ = {isa = PBXFileReference; lastKnownFileType = sourcecode.c.objc; path = AppDelegate.m; sourceTree = "<group>"; };
		D68529FA1D84DD2700359C9E /* ViewController.h */ = {isa = PBXFileReference; lastKnownFileType = sourcecode.c.h; path = ViewController.h; sourceTree = "<group>"; };
		D68529FB1D84DD2700359C9E /* ViewController.m */ = {isa = PBXFileReference; lastKnownFileType = sourcecode.c.objc; path = ViewController.m; sourceTree = "<group>"; };
		D68529FE1D84DD2700359C9E /* Base */ = {isa = PBXFileReference; lastKnownFileType = file.storyboard; name = Base; path = Base.lproj/Main.storyboard; sourceTree = "<group>"; };
		D6852A001D84DD2700359C9E /* Assets.xcassets */ = {isa = PBXFileReference; lastKnownFileType = folder.assetcatalog; path = Assets.xcassets; sourceTree = "<group>"; };
		D6852A031D84DD2700359C9E /* Base */ = {isa = PBXFileReference; lastKnownFileType = file.storyboard; name = Base; path = Base.lproj/LaunchScreen.storyboard; sourceTree = "<group>"; };
		D6852A051D84DD2700359C9E /* Info.plist */ = {isa = PBXFileReference; lastKnownFileType = text.plist.xml; path = Info.plist; sourceTree = "<group>"; };
		D6852A0A1D84DD2700359C9E /* TBVAssetsPickerTests.xctest */ = {isa = PBXFileReference; explicitFileType = wrapper.cfbundle; includeInIndex = 0; path = TBVAssetsPickerTests.xctest; sourceTree = BUILT_PRODUCTS_DIR; };
		D6852A0E1D84DD2700359C9E /* TBVAssetsPickerTests.m */ = {isa = PBXFileReference; lastKnownFileType = sourcecode.c.objc; path = TBVAssetsPickerTests.m; sourceTree = "<group>"; };
		D6852A101D84DD2700359C9E /* Info.plist */ = {isa = PBXFileReference; lastKnownFileType = text.plist.xml; path = Info.plist; sourceTree = "<group>"; };
		D6852A151D84DD2700359C9E /* TBVAssetsPickerUITests.xctest */ = {isa = PBXFileReference; explicitFileType = wrapper.cfbundle; includeInIndex = 0; path = TBVAssetsPickerUITests.xctest; sourceTree = BUILT_PRODUCTS_DIR; };
		D6852A191D84DD2700359C9E /* TBVAssetsPickerUITests.m */ = {isa = PBXFileReference; lastKnownFileType = sourcecode.c.objc; path = TBVAssetsPickerUITests.m; sourceTree = "<group>"; };
		D6852A1B1D84DD2700359C9E /* Info.plist */ = {isa = PBXFileReference; lastKnownFileType = text.plist.xml; path = Info.plist; sourceTree = "<group>"; };
		D6852A291D84DD7B00359C9E /* TBVAssetsItemViewModel.h */ = {isa = PBXFileReference; fileEncoding = 4; lastKnownFileType = sourcecode.c.h; path = TBVAssetsItemViewModel.h; sourceTree = "<group>"; };
		D6852A2A1D84DD7B00359C9E /* TBVAssetsItemViewModel.m */ = {isa = PBXFileReference; fileEncoding = 4; lastKnownFileType = sourcecode.c.objc; path = TBVAssetsItemViewModel.m; sourceTree = "<group>"; };
		D6852A2B1D84DD7B00359C9E /* TBVAssetsPickerSelectButton.h */ = {isa = PBXFileReference; fileEncoding = 4; lastKnownFileType = sourcecode.c.h; path = TBVAssetsPickerSelectButton.h; sourceTree = "<group>"; };
		D6852A2C1D84DD7B00359C9E /* TBVAssetsPickerSelectButton.m */ = {isa = PBXFileReference; fileEncoding = 4; lastKnownFileType = sourcecode.c.objc; path = TBVAssetsPickerSelectButton.m; sourceTree = "<group>"; };
		D6852A2D1D84DD7B00359C9E /* TBVAssetsViewModel.h */ = {isa = PBXFileReference; fileEncoding = 4; lastKnownFileType = sourcecode.c.h; path = TBVAssetsViewModel.h; sourceTree = "<group>"; };
		D6852A2E1D84DD7B00359C9E /* TBVAssetsViewModel.m */ = {isa = PBXFileReference; fileEncoding = 4; lastKnownFileType = sourcecode.c.objc; path = TBVAssetsViewModel.m; sourceTree = "<group>"; };
		D6852A301D84DD7B00359C9E /* TBVAssetsBrowserFlowLayout.h */ = {isa = PBXFileReference; fileEncoding = 4; lastKnownFileType = sourcecode.c.h; path = TBVAssetsBrowserFlowLayout.h; sourceTree = "<group>"; };
		D6852A311D84DD7B00359C9E /* TBVAssetsBrowserFlowLayout.m */ = {isa = PBXFileReference; fileEncoding = 4; lastKnownFileType = sourcecode.c.objc; path = TBVAssetsBrowserFlowLayout.m; sourceTree = "<group>"; };
		D6852A321D84DD7B00359C9E /* TBVAssetsBrowserItemViewModel.h */ = {isa = PBXFileReference; fileEncoding = 4; lastKnownFileType = sourcecode.c.h; path = TBVAssetsBrowserItemViewModel.h; sourceTree = "<group>"; };
		D6852A331D84DD7B00359C9E /* TBVAssetsBrowserItemViewModel.m */ = {isa = PBXFileReference; fileEncoding = 4; lastKnownFileType = sourcecode.c.objc; path = TBVAssetsBrowserItemViewModel.m; sourceTree = "<group>"; };
		D6852A341D84DD7B00359C9E /* TBVAssetsBrowserViewCell.h */ = {isa = PBXFileReference; fileEncoding = 4; lastKnownFileType = sourcecode.c.h; path = TBVAssetsBrowserViewCell.h; sourceTree = "<group>"; };
		D6852A351D84DD7B00359C9E /* TBVAssetsBrowserViewCell.m */ = {isa = PBXFileReference; fileEncoding = 4; lastKnownFileType = sourcecode.c.objc; path = TBVAssetsBrowserViewCell.m; sourceTree = "<group>"; };
		D6852A361D84DD7B00359C9E /* TBVAssetsBrowserViewController.h */ = {isa = PBXFileReference; fileEncoding = 4; lastKnownFileType = sourcecode.c.h; path = TBVAssetsBrowserViewController.h; sourceTree = "<group>"; };
		D6852A371D84DD7B00359C9E /* TBVAssetsBrowserViewController.m */ = {isa = PBXFileReference; fileEncoding = 4; lastKnownFileType = sourcecode.c.objc; path = TBVAssetsBrowserViewController.m; sourceTree = "<group>"; };
		D6852A381D84DD7B00359C9E /* TBVAssetsBrowserViewModel.h */ = {isa = PBXFileReference; fileEncoding = 4; lastKnownFileType = sourcecode.c.h; path = TBVAssetsBrowserViewModel.h; sourceTree = "<group>"; };
		D6852A391D84DD7B00359C9E /* TBVAssetsBrowserViewModel.m */ = {isa = PBXFileReference; fileEncoding = 4; lastKnownFileType = sourcecode.c.objc; path = TBVAssetsBrowserViewModel.m; sourceTree = "<group>"; };
		D6852A3B1D84DD7B00359C9E /* ALAssetsFilter+TBVAssetsPicker.h */ = {isa = PBXFileReference; fileEncoding = 4; lastKnownFileType = sourcecode.c.h; path = "ALAssetsFilter+TBVAssetsPicker.h"; sourceTree = "<group>"; };
		D6852A3C1D84DD7B00359C9E /* ALAssetsFilter+TBVAssetsPicker.m */ = {isa = PBXFileReference; fileEncoding = 4; lastKnownFileType = sourcecode.c.objc; path = "ALAssetsFilter+TBVAssetsPicker.m"; sourceTree = "<group>"; };
		D6852A3D1D84DD7B00359C9E /* ALAssetsLibrary+TBVAssetsPicker.h */ = {isa = PBXFileReference; fileEncoding = 4; lastKnownFileType = sourcecode.c.h; path = "ALAssetsLibrary+TBVAssetsPicker.h"; sourceTree = "<group>"; };
		D6852A3E1D84DD7B00359C9E /* ALAssetsLibrary+TBVAssetsPicker.m */ = {isa = PBXFileReference; fileEncoding = 4; lastKnownFileType = sourcecode.c.objc; path = "ALAssetsLibrary+TBVAssetsPicker.m"; sourceTree = "<group>"; };
		D6852A3F1D84DD7B00359C9E /* NSObject+TBVAssetsPicker.h */ = {isa = PBXFileReference; fileEncoding = 4; lastKnownFileType = sourcecode.c.h; path = "NSObject+TBVAssetsPicker.h"; sourceTree = "<group>"; };
		D6852A401D84DD7B00359C9E /* NSObject+TBVAssetsPicker.m */ = {isa = PBXFileReference; fileEncoding = 4; lastKnownFileType = sourcecode.c.objc; path = "NSObject+TBVAssetsPicker.m"; sourceTree = "<group>"; };
		D6852A411D84DD7B00359C9E /* PHAssetCollection+TBVAssetsPicker.h */ = {isa = PBXFileReference; fileEncoding = 4; lastKnownFileType = sourcecode.c.h; path = "PHAssetCollection+TBVAssetsPicker.h"; sourceTree = "<group>"; };
		D6852A421D84DD7B00359C9E /* PHAssetCollection+TBVAssetsPicker.m */ = {isa = PBXFileReference; fileEncoding = 4; lastKnownFileType = sourcecode.c.objc; path = "PHAssetCollection+TBVAssetsPicker.m"; sourceTree = "<group>"; };
		D6852A431D84DD7B00359C9E /* PHFetchOptions+TBVAssetsPicker.h */ = {isa = PBXFileReference; fileEncoding = 4; lastKnownFileType = sourcecode.c.h; path = "PHFetchOptions+TBVAssetsPicker.h"; sourceTree = "<group>"; };
		D6852A441D84DD7B00359C9E /* PHFetchOptions+TBVAssetsPicker.m */ = {isa = PBXFileReference; fileEncoding = 4; lastKnownFileType = sourcecode.c.objc; path = "PHFetchOptions+TBVAssetsPicker.m"; sourceTree = "<group>"; };
		D6852A451D84DD7B00359C9E /* PHImageManager+TBVAssetsPicker.h */ = {isa = PBXFileReference; fileEncoding = 4; lastKnownFileType = sourcecode.c.h; path = "PHImageManager+TBVAssetsPicker.h"; sourceTree = "<group>"; };
		D6852A461D84DD7B00359C9E /* PHImageManager+TBVAssetsPicker.m */ = {isa = PBXFileReference; fileEncoding = 4; lastKnownFileType = sourcecode.c.objc; path = "PHImageManager+TBVAssetsPicker.m"; sourceTree = "<group>"; };
		D6852A471D84DD7B00359C9E /* PHPhotoLibrary+TBVAssetsPicker.h */ = {isa = PBXFileReference; fileEncoding = 4; lastKnownFileType = sourcecode.c.h; path = "PHPhotoLibrary+TBVAssetsPicker.h"; sourceTree = "<group>"; };
		D6852A481D84DD7B00359C9E /* PHPhotoLibrary+TBVAssetsPicker.m */ = {isa = PBXFileReference; fileEncoding = 4; lastKnownFileType = sourcecode.c.objc; path = "PHPhotoLibrary+TBVAssetsPicker.m"; sourceTree = "<group>"; };
		D6852A491D84DD7B00359C9E /* TBVAssetsPickerController+PickerManager.h */ = {isa = PBXFileReference; fileEncoding = 4; lastKnownFileType = sourcecode.c.h; path = "TBVAssetsPickerController+PickerManager.h"; sourceTree = "<group>"; };
		D6852A4A1D84DD7B00359C9E /* TBVAssetsPickerController+PickerManager.m */ = {isa = PBXFileReference; fileEncoding = 4; lastKnownFileType = sourcecode.c.objc; path = "TBVAssetsPickerController+PickerManager.m"; sourceTree = "<group>"; };
		D6852A4B1D84DD7B00359C9E /* TBVAssetsPickerManager+ALManager.h */ = {isa = PBXFileReference; fileEncoding = 4; lastKnownFileType = sourcecode.c.h; path = "TBVAssetsPickerManager+ALManager.h"; sourceTree = "<group>"; };
		D6852A4C1D84DD7B00359C9E /* TBVAssetsPickerManager+ALManager.m */ = {isa = PBXFileReference; fileEncoding = 4; lastKnownFileType = sourcecode.c.objc; path = "TBVAssetsPickerManager+ALManager.m"; sourceTree = "<group>"; };
		D6852A4D1D84DD7B00359C9E /* TBVAssetsPickerManager+Authorization.h */ = {isa = PBXFileReference; fileEncoding = 4; lastKnownFileType = sourcecode.c.h; path = "TBVAssetsPickerManager+Authorization.h"; sourceTree = "<group>"; };
		D6852A4E1D84DD7B00359C9E /* TBVAssetsPickerManager+Authorization.m */ = {isa = PBXFileReference; fileEncoding = 4; lastKnownFileType = sourcecode.c.objc; path = "TBVAssetsPickerManager+Authorization.m"; sourceTree = "<group>"; };
		D6852A4F1D84DD7B00359C9E /* TBVAssetsPickerManager+PHManager.h */ = {isa = PBXFileReference; fileEncoding = 4; lastKnownFileType = sourcecode.c.h; path = "TBVAssetsPickerManager+PHManager.h"; sourceTree = "<group>"; };
		D6852A501D84DD7B00359C9E /* TBVAssetsPickerManager+PHManager.m */ = {isa = PBXFileReference; fileEncoding = 4; lastKnownFileType = sourcecode.c.objc; path = "TBVAssetsPickerManager+PHManager.m"; sourceTree = "<group>"; };
		D6852A511D84DD7B00359C9E /* UIViewController+TBVAssetsPicker.h */ = {isa = PBXFileReference; fileEncoding = 4; lastKnownFileType = sourcecode.c.h; path = "UIViewController+TBVAssetsPicker.h"; sourceTree = "<group>"; };
		D6852A521D84DD7B00359C9E /* UIViewController+TBVAssetsPicker.m */ = {isa = PBXFileReference; fileEncoding = 4; lastKnownFileType = sourcecode.c.objc; path = "UIViewController+TBVAssetsPicker.m"; sourceTree = "<group>"; };
		D6852A541D84DD7B00359C9E /* TBVAssetsCollectionItemViewModel.h */ = {isa = PBXFileReference; fileEncoding = 4; lastKnownFileType = sourcecode.c.h; path = TBVAssetsCollectionItemViewModel.h; sourceTree = "<group>"; };
		D6852A551D84DD7B00359C9E /* TBVAssetsCollectionItemViewModel.m */ = {isa = PBXFileReference; fileEncoding = 4; lastKnownFileType = sourcecode.c.objc; path = TBVAssetsCollectionItemViewModel.m; sourceTree = "<group>"; };
		D6852A561D84DD7B00359C9E /* TBVAssetsCollectionViewCell.h */ = {isa = PBXFileReference; fileEncoding = 4; lastKnownFileType = sourcecode.c.h; path = TBVAssetsCollectionViewCell.h; sourceTree = "<group>"; };
		D6852A571D84DD7B00359C9E /* TBVAssetsCollectionViewCell.m */ = {isa = PBXFileReference; fileEncoding = 4; lastKnownFileType = sourcecode.c.objc; path = TBVAssetsCollectionViewCell.m; sourceTree = "<group>"; };
		D6852A581D84DD7B00359C9E /* TBVAssetsCollectionViewController.h */ = {isa = PBXFileReference; fileEncoding = 4; lastKnownFileType = sourcecode.c.h; path = TBVAssetsCollectionViewController.h; sourceTree = "<group>"; };
		D6852A591D84DD7B00359C9E /* TBVAssetsCollectionViewController.m */ = {isa = PBXFileReference; fileEncoding = 4; lastKnownFileType = sourcecode.c.objc; path = TBVAssetsCollectionViewController.m; sourceTree = "<group>"; };
		D6852A5A1D84DD7B00359C9E /* TBVAssetsCollectionViewModel.h */ = {isa = PBXFileReference; fileEncoding = 4; lastKnownFileType = sourcecode.c.h; path = TBVAssetsCollectionViewModel.h; sourceTree = "<group>"; };
		D6852A5B1D84DD7B00359C9E /* TBVAssetsCollectionViewModel.m */ = {isa = PBXFileReference; fileEncoding = 4; lastKnownFileType = sourcecode.c.objc; path = TBVAssetsCollectionViewModel.m; sourceTree = "<group>"; };
		D6852A5D1D84DD7B00359C9E /* TBVAssetsPickerAccessDeniedViewController.h */ = {isa = PBXFileReference; fileEncoding = 4; lastKnownFileType = sourcecode.c.h; path = TBVAssetsPickerAccessDeniedViewController.h; sourceTree = "<group>"; };
		D6852A5E1D84DD7B00359C9E /* TBVAssetsPickerAccessDeniedViewController.m */ = {isa = PBXFileReference; fileEncoding = 4; lastKnownFileType = sourcecode.c.objc; path = TBVAssetsPickerAccessDeniedViewController.m; sourceTree = "<group>"; };
		D6852A601D84DD7B00359C9E /* TBVAssetsGridFlowLayout.h */ = {isa = PBXFileReference; fileEncoding = 4; lastKnownFileType = sourcecode.c.h; path = TBVAssetsGridFlowLayout.h; sourceTree = "<group>"; };
		D6852A611D84DD7B00359C9E /* TBVAssetsGridFlowLayout.m */ = {isa = PBXFileReference; fileEncoding = 4; lastKnownFileType = sourcecode.c.objc; path = TBVAssetsGridFlowLayout.m; sourceTree = "<group>"; };
		D6852A621D84DD7B00359C9E /* TBVAssetsGridItemViewModel.h */ = {isa = PBXFileReference; fileEncoding = 4; lastKnownFileType = sourcecode.c.h; path = TBVAssetsGridItemViewModel.h; sourceTree = "<group>"; };
		D6852A631D84DD7B00359C9E /* TBVAssetsGridItemViewModel.m */ = {isa = PBXFileReference; fileEncoding = 4; lastKnownFileType = sourcecode.c.objc; path = TBVAssetsGridItemViewModel.m; sourceTree = "<group>"; };
		D6852A641D84DD7B00359C9E /* TBVAssetsGridViewCell.h */ = {isa = PBXFileReference; fileEncoding = 4; lastKnownFileType = sourcecode.c.h; path = TBVAssetsGridViewCell.h; sourceTree = "<group>"; };
		D6852A651D84DD7B00359C9E /* TBVAssetsGridViewCell.m */ = {isa = PBXFileReference; fileEncoding = 4; lastKnownFileType = sourcecode.c.objc; path = TBVAssetsGridViewCell.m; sourceTree = "<group>"; };
		D6852A661D84DD7B00359C9E /* TBVAssetsGridViewController.h */ = {isa = PBXFileReference; fileEncoding = 4; lastKnownFileType = sourcecode.c.h; path = TBVAssetsGridViewController.h; sourceTree = "<group>"; };
		D6852A671D84DD7B00359C9E /* TBVAssetsGridViewController.m */ = {isa = PBXFileReference; fileEncoding = 4; lastKnownFileType = sourcecode.c.objc; path = TBVAssetsGridViewController.m; sourceTree = "<group>"; };
		D6852A681D84DD7B00359C9E /* TBVAssetsGridViewModel.h */ = {isa = PBXFileReference; fileEncoding = 4; lastKnownFileType = sourcecode.c.h; path = TBVAssetsGridViewModel.h; sourceTree = "<group>"; };
		D6852A691D84DD7B00359C9E /* TBVAssetsGridViewModel.m */ = {isa = PBXFileReference; fileEncoding = 4; lastKnownFileType = sourcecode.c.objc; path = TBVAssetsGridViewModel.m; sourceTree = "<group>"; };
		D6852A6B1D84DD7B00359C9E /* TBVAssetsPickerViewModelHelper.h */ = {isa = PBXFileReference; fileEncoding = 4; lastKnownFileType = sourcecode.c.h; path = TBVAssetsPickerViewModelHelper.h; sourceTree = "<group>"; };
		D6852A6C1D84DD7B00359C9E /* TBVAssetsPickerViewModelHelper.m */ = {isa = PBXFileReference; fileEncoding = 4; lastKnownFileType = sourcecode.c.objc; path = TBVAssetsPickerViewModelHelper.m; sourceTree = "<group>"; };
		D6852A6E1D84DD7B00359C9E /* TBVAssetsLibrary.h */ = {isa = PBXFileReference; fileEncoding = 4; lastKnownFileType = sourcecode.c.h; path = TBVAssetsLibrary.h; sourceTree = "<group>"; };
		D6852A6F1D84DD7B00359C9E /* TBVAssetsLibrary.m */ = {isa = PBXFileReference; fileEncoding = 4; lastKnownFileType = sourcecode.c.objc; path = TBVAssetsLibrary.m; sourceTree = "<group>"; };
		D6852A701D84DD7B00359C9E /* TBVAssetsManagerProtocol.h */ = {isa = PBXFileReference; fileEncoding = 4; lastKnownFileType = sourcecode.c.h; path = TBVAssetsManagerProtocol.h; sourceTree = "<group>"; };
		D6852A711D84DD7B00359C9E /* TBVAssetsPickerManager.h */ = {isa = PBXFileReference; fileEncoding = 4; lastKnownFileType = sourcecode.c.h; path = TBVAssetsPickerManager.h; sourceTree = "<group>"; };
		D6852A721D84DD7B00359C9E /* TBVAssetsPickerManager.m */ = {isa = PBXFileReference; fileEncoding = 4; lastKnownFileType = sourcecode.c.objc; path = TBVAssetsPickerManager.m; sourceTree = "<group>"; };
		D6852A731D84DD7B00359C9E /* TBVCachingImageManager.h */ = {isa = PBXFileReference; fileEncoding = 4; lastKnownFileType = sourcecode.c.h; path = TBVCachingImageManager.h; sourceTree = "<group>"; };
		D6852A741D84DD7B00359C9E /* TBVCachingImageManager.m */ = {isa = PBXFileReference; fileEncoding = 4; lastKnownFileType = sourcecode.c.objc; path = TBVCachingImageManager.m; sourceTree = "<group>"; };
		D6852A761D84DD7B00359C9E /* TBVAsset.h */ = {isa = PBXFileReference; fileEncoding = 4; lastKnownFileType = sourcecode.c.h; path = TBVAsset.h; sourceTree = "<group>"; };
		D6852A771D84DD7B00359C9E /* TBVAsset.m */ = {isa = PBXFileReference; fileEncoding = 4; lastKnownFileType = sourcecode.c.objc; path = TBVAsset.m; sourceTree = "<group>"; };
		D6852A781D84DD7B00359C9E /* TBVCollection.h */ = {isa = PBXFileReference; fileEncoding = 4; lastKnownFileType = sourcecode.c.h; path = TBVCollection.h; sourceTree = "<group>"; };
		D6852A791D84DD7B00359C9E /* TBVCollection.m */ = {isa = PBXFileReference; fileEncoding = 4; lastKnownFileType = sourcecode.c.objc; path = TBVCollection.m; sourceTree = "<group>"; };
		D6852A7A1D84DD7B00359C9E /* TBVAssetsPickerController.h */ = {isa = PBXFileReference; fileEncoding = 4; lastKnownFileType = sourcecode.c.h; path = TBVAssetsPickerController.h; sourceTree = "<group>"; };
		D6852A7B1D84DD7B00359C9E /* TBVAssetsPickerController.m */ = {isa = PBXFileReference; fileEncoding = 4; lastKnownFileType = sourcecode.c.objc; path = TBVAssetsPickerController.m; sourceTree = "<group>"; };
		D6852A7C1D84DD7B00359C9E /* TBVAssetsPickerTypes.h */ = {isa = PBXFileReference; fileEncoding = 4; lastKnownFileType = sourcecode.c.h; path = TBVAssetsPickerTypes.h; sourceTree = "<group>"; };
		D6852A7D1D84DD7B00359C9E /* TBVAssetsPickerTypes.m */ = {isa = PBXFileReference; fileEncoding = 4; lastKnownFileType = sourcecode.c.objc; path = TBVAssetsPickerTypes.m; sourceTree = "<group>"; };
		D6852A7F1D84DD7B00359C9E /* TBVAssetsFileSizeToolBar.h */ = {isa = PBXFileReference; fileEncoding = 4; lastKnownFileType = sourcecode.c.h; path = TBVAssetsFileSizeToolBar.h; sourceTree = "<group>"; };
		D6852A801D84DD7B00359C9E /* TBVAssetsFileSizeToolBar.m */ = {isa = PBXFileReference; fileEncoding = 4; lastKnownFileType = sourcecode.c.objc; path = TBVAssetsFileSizeToolBar.m; sourceTree = "<group>"; };
		D6852A811D84DD7B00359C9E /* TBVAssetsSendToolBar.h */ = {isa = PBXFileReference; fileEncoding = 4; lastKnownFileType = sourcecode.c.h; path = TBVAssetsSendToolBar.h; sourceTree = "<group>"; };
		D6852A821D84DD7B00359C9E /* TBVAssetsSendToolBar.m */ = {isa = PBXFileReference; fileEncoding = 4; lastKnownFileType = sourcecode.c.objc; path = TBVAssetsSendToolBar.m; sourceTree = "<group>"; };
		D6852A831D84DD7B00359C9E /* TBVAssetsToolBarViewModel.h */ = {isa = PBXFileReference; fileEncoding = 4; lastKnownFileType = sourcecode.c.h; path = TBVAssetsToolBarViewModel.h; sourceTree = "<group>"; };
		D6852A841D84DD7B00359C9E /* TBVAssetsToolBarViewModel.m */ = {isa = PBXFileReference; fileEncoding = 4; lastKnownFileType = sourcecode.c.objc; path = TBVAssetsToolBarViewModel.m; sourceTree = "<group>"; };
/* End PBXFileReference section */

/* Begin PBXFrameworksBuildPhase section */
		D68529EE1D84DD2700359C9E /* Frameworks */ = {
			isa = PBXFrameworksBuildPhase;
			buildActionMask = 2147483647;
			files = (
				2C6F5488D3565ED5DD1E2480 /* libPods-TBVAssetsPicker.a in Frameworks */,
			);
			runOnlyForDeploymentPostprocessing = 0;
		};
		D6852A071D84DD2700359C9E /* Frameworks */ = {
			isa = PBXFrameworksBuildPhase;
			buildActionMask = 2147483647;
			files = (
			);
			runOnlyForDeploymentPostprocessing = 0;
		};
		D6852A121D84DD2700359C9E /* Frameworks */ = {
			isa = PBXFrameworksBuildPhase;
			buildActionMask = 2147483647;
			files = (
			);
			runOnlyForDeploymentPostprocessing = 0;
		};
/* End PBXFrameworksBuildPhase section */

/* Begin PBXGroup section */
		0BABF266EA5B34E113011288 /* Pods */ = {
			isa = PBXGroup;
			children = (
				CFBC365BD102809CAFEE2702 /* Pods-TBVAssetsPicker.debug.xcconfig */,
				41B99AF05E51E70262C050E4 /* Pods-TBVAssetsPicker.release.xcconfig */,
			);
			name = Pods;
			sourceTree = "<group>";
		};
		D68529E81D84DD2700359C9E = {
			isa = PBXGroup;
			children = (
				D68529F31D84DD2700359C9E /* TBVAssetsPicker */,
				D6852A0D1D84DD2700359C9E /* TBVAssetsPickerTests */,
				D6852A181D84DD2700359C9E /* TBVAssetsPickerUITests */,
				D68529F21D84DD2700359C9E /* Products */,
				0BABF266EA5B34E113011288 /* Pods */,
				DAD084B1B874B584F960AB17 /* Frameworks */,
			);
			sourceTree = "<group>";
		};
		D68529F21D84DD2700359C9E /* Products */ = {
			isa = PBXGroup;
			children = (
				D68529F11D84DD2700359C9E /* TBVAssetsPicker.app */,
				D6852A0A1D84DD2700359C9E /* TBVAssetsPickerTests.xctest */,
				D6852A151D84DD2700359C9E /* TBVAssetsPickerUITests.xctest */,
			);
			name = Products;
			sourceTree = "<group>";
		};
		D68529F31D84DD2700359C9E /* TBVAssetsPicker */ = {
			isa = PBXGroup;
			children = (
				D6852A271D84DD7B00359C9E /* TBVAssetsPicker */,
				D68529F71D84DD2700359C9E /* AppDelegate.h */,
				D68529F81D84DD2700359C9E /* AppDelegate.m */,
				D68529FA1D84DD2700359C9E /* ViewController.h */,
				D68529FB1D84DD2700359C9E /* ViewController.m */,
				D68529FD1D84DD2700359C9E /* Main.storyboard */,
				D6852A001D84DD2700359C9E /* Assets.xcassets */,
				D6852A021D84DD2700359C9E /* LaunchScreen.storyboard */,
				D6852A051D84DD2700359C9E /* Info.plist */,
				D68529F41D84DD2700359C9E /* Supporting Files */,
			);
			path = TBVAssetsPicker;
			sourceTree = "<group>";
		};
		D68529F41D84DD2700359C9E /* Supporting Files */ = {
			isa = PBXGroup;
			children = (
				D68529F51D84DD2700359C9E /* main.m */,
			);
			name = "Supporting Files";
			sourceTree = "<group>";
		};
		D6852A0D1D84DD2700359C9E /* TBVAssetsPickerTests */ = {
			isa = PBXGroup;
			children = (
				D6852A0E1D84DD2700359C9E /* TBVAssetsPickerTests.m */,
				D6852A101D84DD2700359C9E /* Info.plist */,
			);
			path = TBVAssetsPickerTests;
			sourceTree = "<group>";
		};
		D6852A181D84DD2700359C9E /* TBVAssetsPickerUITests */ = {
			isa = PBXGroup;
			children = (
				D6852A191D84DD2700359C9E /* TBVAssetsPickerUITests.m */,
				D6852A1B1D84DD2700359C9E /* Info.plist */,
			);
			path = TBVAssetsPickerUITests;
			sourceTree = "<group>";
		};
		D6852A271D84DD7B00359C9E /* TBVAssetsPicker */ = {
			isa = PBXGroup;
			children = (
				D6852A281D84DD7B00359C9E /* Base */,
				D6852A2F1D84DD7B00359C9E /* Browser */,
				D6852A3A1D84DD7B00359C9E /* Categories */,
				D6852A531D84DD7B00359C9E /* Collection */,
				D6852A5C1D84DD7B00359C9E /* Denied */,
				D6852A5F1D84DD7B00359C9E /* Grid */,
				D6852A6A1D84DD7B00359C9E /* Helper */,
				D6852A6D1D84DD7B00359C9E /* Managers */,
				D6852A751D84DD7B00359C9E /* Models */,
				D6852A7A1D84DD7B00359C9E /* TBVAssetsPickerController.h */,
				D6852A7B1D84DD7B00359C9E /* TBVAssetsPickerController.m */,
				D6852A7C1D84DD7B00359C9E /* TBVAssetsPickerTypes.h */,
				D6852A7D1D84DD7B00359C9E /* TBVAssetsPickerTypes.m */,
				D6852A7E1D84DD7B00359C9E /* ToolBar */,
			);
			path = TBVAssetsPicker;
			sourceTree = "<group>";
		};
		D6852A281D84DD7B00359C9E /* Base */ = {
			isa = PBXGroup;
			children = (
				D6852A291D84DD7B00359C9E /* TBVAssetsItemViewModel.h */,
				D6852A2A1D84DD7B00359C9E /* TBVAssetsItemViewModel.m */,
				D6852A2B1D84DD7B00359C9E /* TBVAssetsPickerSelectButton.h */,
				D6852A2C1D84DD7B00359C9E /* TBVAssetsPickerSelectButton.m */,
				D6852A2D1D84DD7B00359C9E /* TBVAssetsViewModel.h */,
				D6852A2E1D84DD7B00359C9E /* TBVAssetsViewModel.m */,
			);
			path = Base;
			sourceTree = "<group>";
		};
		D6852A2F1D84DD7B00359C9E /* Browser */ = {
			isa = PBXGroup;
			children = (
				D6852A301D84DD7B00359C9E /* TBVAssetsBrowserFlowLayout.h */,
				D6852A311D84DD7B00359C9E /* TBVAssetsBrowserFlowLayout.m */,
				D6852A321D84DD7B00359C9E /* TBVAssetsBrowserItemViewModel.h */,
				D6852A331D84DD7B00359C9E /* TBVAssetsBrowserItemViewModel.m */,
				D6852A341D84DD7B00359C9E /* TBVAssetsBrowserViewCell.h */,
				D6852A351D84DD7B00359C9E /* TBVAssetsBrowserViewCell.m */,
				D6852A361D84DD7B00359C9E /* TBVAssetsBrowserViewController.h */,
				D6852A371D84DD7B00359C9E /* TBVAssetsBrowserViewController.m */,
				D6852A381D84DD7B00359C9E /* TBVAssetsBrowserViewModel.h */,
				D6852A391D84DD7B00359C9E /* TBVAssetsBrowserViewModel.m */,
			);
			path = Browser;
			sourceTree = "<group>";
		};
		D6852A3A1D84DD7B00359C9E /* Categories */ = {
			isa = PBXGroup;
			children = (
				D6852A3B1D84DD7B00359C9E /* ALAssetsFilter+TBVAssetsPicker.h */,
				D6852A3C1D84DD7B00359C9E /* ALAssetsFilter+TBVAssetsPicker.m */,
				D6852A3D1D84DD7B00359C9E /* ALAssetsLibrary+TBVAssetsPicker.h */,
				D6852A3E1D84DD7B00359C9E /* ALAssetsLibrary+TBVAssetsPicker.m */,
				D6852A3F1D84DD7B00359C9E /* NSObject+TBVAssetsPicker.h */,
				D6852A401D84DD7B00359C9E /* NSObject+TBVAssetsPicker.m */,
				D6852A411D84DD7B00359C9E /* PHAssetCollection+TBVAssetsPicker.h */,
				D6852A421D84DD7B00359C9E /* PHAssetCollection+TBVAssetsPicker.m */,
				D6852A431D84DD7B00359C9E /* PHFetchOptions+TBVAssetsPicker.h */,
				D6852A441D84DD7B00359C9E /* PHFetchOptions+TBVAssetsPicker.m */,
				D6852A451D84DD7B00359C9E /* PHImageManager+TBVAssetsPicker.h */,
				D6852A461D84DD7B00359C9E /* PHImageManager+TBVAssetsPicker.m */,
				D6852A471D84DD7B00359C9E /* PHPhotoLibrary+TBVAssetsPicker.h */,
				D6852A481D84DD7B00359C9E /* PHPhotoLibrary+TBVAssetsPicker.m */,
				D6852A491D84DD7B00359C9E /* TBVAssetsPickerController+PickerManager.h */,
				D6852A4A1D84DD7B00359C9E /* TBVAssetsPickerController+PickerManager.m */,
				D6852A4B1D84DD7B00359C9E /* TBVAssetsPickerManager+ALManager.h */,
				D6852A4C1D84DD7B00359C9E /* TBVAssetsPickerManager+ALManager.m */,
				D6852A4D1D84DD7B00359C9E /* TBVAssetsPickerManager+Authorization.h */,
				D6852A4E1D84DD7B00359C9E /* TBVAssetsPickerManager+Authorization.m */,
				D6852A4F1D84DD7B00359C9E /* TBVAssetsPickerManager+PHManager.h */,
				D6852A501D84DD7B00359C9E /* TBVAssetsPickerManager+PHManager.m */,
				D6852A511D84DD7B00359C9E /* UIViewController+TBVAssetsPicker.h */,
				D6852A521D84DD7B00359C9E /* UIViewController+TBVAssetsPicker.m */,
			);
			path = Categories;
			sourceTree = "<group>";
		};
		D6852A531D84DD7B00359C9E /* Collection */ = {
			isa = PBXGroup;
			children = (
				D6852A541D84DD7B00359C9E /* TBVAssetsCollectionItemViewModel.h */,
				D6852A551D84DD7B00359C9E /* TBVAssetsCollectionItemViewModel.m */,
				D6852A561D84DD7B00359C9E /* TBVAssetsCollectionViewCell.h */,
				D6852A571D84DD7B00359C9E /* TBVAssetsCollectionViewCell.m */,
				D6852A581D84DD7B00359C9E /* TBVAssetsCollectionViewController.h */,
				D6852A591D84DD7B00359C9E /* TBVAssetsCollectionViewController.m */,
				D6852A5A1D84DD7B00359C9E /* TBVAssetsCollectionViewModel.h */,
				D6852A5B1D84DD7B00359C9E /* TBVAssetsCollectionViewModel.m */,
			);
			path = Collection;
			sourceTree = "<group>";
		};
		D6852A5C1D84DD7B00359C9E /* Denied */ = {
			isa = PBXGroup;
			children = (
				D6852A5D1D84DD7B00359C9E /* TBVAssetsPickerAccessDeniedViewController.h */,
				D6852A5E1D84DD7B00359C9E /* TBVAssetsPickerAccessDeniedViewController.m */,
			);
			path = Denied;
			sourceTree = "<group>";
		};
		D6852A5F1D84DD7B00359C9E /* Grid */ = {
			isa = PBXGroup;
			children = (
				D6852A601D84DD7B00359C9E /* TBVAssetsGridFlowLayout.h */,
				D6852A611D84DD7B00359C9E /* TBVAssetsGridFlowLayout.m */,
				D6852A621D84DD7B00359C9E /* TBVAssetsGridItemViewModel.h */,
				D6852A631D84DD7B00359C9E /* TBVAssetsGridItemViewModel.m */,
				D6852A641D84DD7B00359C9E /* TBVAssetsGridViewCell.h */,
				D6852A651D84DD7B00359C9E /* TBVAssetsGridViewCell.m */,
				D6852A661D84DD7B00359C9E /* TBVAssetsGridViewController.h */,
				D6852A671D84DD7B00359C9E /* TBVAssetsGridViewController.m */,
				D6852A681D84DD7B00359C9E /* TBVAssetsGridViewModel.h */,
				D6852A691D84DD7B00359C9E /* TBVAssetsGridViewModel.m */,
			);
			path = Grid;
			sourceTree = "<group>";
		};
		D6852A6A1D84DD7B00359C9E /* Helper */ = {
			isa = PBXGroup;
			children = (
				D6852A6B1D84DD7B00359C9E /* TBVAssetsPickerViewModelHelper.h */,
				D6852A6C1D84DD7B00359C9E /* TBVAssetsPickerViewModelHelper.m */,
			);
			path = Helper;
			sourceTree = "<group>";
		};
		D6852A6D1D84DD7B00359C9E /* Managers */ = {
			isa = PBXGroup;
			children = (
				D6852A6E1D84DD7B00359C9E /* TBVAssetsLibrary.h */,
				D6852A6F1D84DD7B00359C9E /* TBVAssetsLibrary.m */,
				D6852A701D84DD7B00359C9E /* TBVAssetsManagerProtocol.h */,
				D6852A711D84DD7B00359C9E /* TBVAssetsPickerManager.h */,
				D6852A721D84DD7B00359C9E /* TBVAssetsPickerManager.m */,
				D6852A731D84DD7B00359C9E /* TBVCachingImageManager.h */,
				D6852A741D84DD7B00359C9E /* TBVCachingImageManager.m */,
			);
			path = Managers;
			sourceTree = "<group>";
		};
		D6852A751D84DD7B00359C9E /* Models */ = {
			isa = PBXGroup;
			children = (
				D6852A761D84DD7B00359C9E /* TBVAsset.h */,
				D6852A771D84DD7B00359C9E /* TBVAsset.m */,
				D6852A781D84DD7B00359C9E /* TBVCollection.h */,
				D6852A791D84DD7B00359C9E /* TBVCollection.m */,
			);
			path = Models;
			sourceTree = "<group>";
		};
		D6852A7E1D84DD7B00359C9E /* ToolBar */ = {
			isa = PBXGroup;
			children = (
				D6852A7F1D84DD7B00359C9E /* TBVAssetsFileSizeToolBar.h */,
				D6852A801D84DD7B00359C9E /* TBVAssetsFileSizeToolBar.m */,
				D6852A811D84DD7B00359C9E /* TBVAssetsSendToolBar.h */,
				D6852A821D84DD7B00359C9E /* TBVAssetsSendToolBar.m */,
				D6852A831D84DD7B00359C9E /* TBVAssetsToolBarViewModel.h */,
				D6852A841D84DD7B00359C9E /* TBVAssetsToolBarViewModel.m */,
			);
			path = ToolBar;
			sourceTree = "<group>";
		};
		DAD084B1B874B584F960AB17 /* Frameworks */ = {
			isa = PBXGroup;
			children = (
				8294FB311E9EE7100775198C /* libPods-TBVAssetsPicker.a */,
			);
			name = Frameworks;
			sourceTree = "<group>";
		};
/* End PBXGroup section */

/* Begin PBXNativeTarget section */
		D68529F01D84DD2700359C9E /* TBVAssetsPicker */ = {
			isa = PBXNativeTarget;
			buildConfigurationList = D6852A1E1D84DD2700359C9E /* Build configuration list for PBXNativeTarget "TBVAssetsPicker" */;
			buildPhases = (
				BCF3DA71A138EFADB4377F18 /* 📦 Check Pods Manifest.lock */,
				D68529ED1D84DD2700359C9E /* Sources */,
				D68529EE1D84DD2700359C9E /* Frameworks */,
				D68529EF1D84DD2700359C9E /* Resources */,
				072FA28488AFA8C09B3A22F7 /* 📦 Embed Pods Frameworks */,
				6C44A7FB13EA4B669BA59086 /* 📦 Copy Pods Resources */,
			);
			buildRules = (
			);
			dependencies = (
			);
			name = TBVAssetsPicker;
			productName = TBVAssetsPicker;
			productReference = D68529F11D84DD2700359C9E /* TBVAssetsPicker.app */;
			productType = "com.apple.product-type.application";
		};
		D6852A091D84DD2700359C9E /* TBVAssetsPickerTests */ = {
			isa = PBXNativeTarget;
			buildConfigurationList = D6852A211D84DD2700359C9E /* Build configuration list for PBXNativeTarget "TBVAssetsPickerTests" */;
			buildPhases = (
				D6852A061D84DD2700359C9E /* Sources */,
				D6852A071D84DD2700359C9E /* Frameworks */,
				D6852A081D84DD2700359C9E /* Resources */,
			);
			buildRules = (
			);
			dependencies = (
				D6852A0C1D84DD2700359C9E /* PBXTargetDependency */,
			);
			name = TBVAssetsPickerTests;
			productName = TBVAssetsPickerTests;
			productReference = D6852A0A1D84DD2700359C9E /* TBVAssetsPickerTests.xctest */;
			productType = "com.apple.product-type.bundle.unit-test";
		};
		D6852A141D84DD2700359C9E /* TBVAssetsPickerUITests */ = {
			isa = PBXNativeTarget;
			buildConfigurationList = D6852A241D84DD2700359C9E /* Build configuration list for PBXNativeTarget "TBVAssetsPickerUITests" */;
			buildPhases = (
				D6852A111D84DD2700359C9E /* Sources */,
				D6852A121D84DD2700359C9E /* Frameworks */,
				D6852A131D84DD2700359C9E /* Resources */,
			);
			buildRules = (
			);
			dependencies = (
				D6852A171D84DD2700359C9E /* PBXTargetDependency */,
			);
			name = TBVAssetsPickerUITests;
			productName = TBVAssetsPickerUITests;
			productReference = D6852A151D84DD2700359C9E /* TBVAssetsPickerUITests.xctest */;
			productType = "com.apple.product-type.bundle.ui-testing";
		};
/* End PBXNativeTarget section */

/* Begin PBXProject section */
		D68529E91D84DD2700359C9E /* Project object */ = {
			isa = PBXProject;
			attributes = {
				LastUpgradeCheck = 0730;
				ORGANIZATIONNAME = tripleCC;
				TargetAttributes = {
					D68529F01D84DD2700359C9E = {
						CreatedOnToolsVersion = 7.3.1;
					};
					D6852A091D84DD2700359C9E = {
						CreatedOnToolsVersion = 7.3.1;
						TestTargetID = D68529F01D84DD2700359C9E;
					};
					D6852A141D84DD2700359C9E = {
						CreatedOnToolsVersion = 7.3.1;
						TestTargetID = D68529F01D84DD2700359C9E;
					};
				};
			};
			buildConfigurationList = D68529EC1D84DD2700359C9E /* Build configuration list for PBXProject "TBVAssetsPicker" */;
			compatibilityVersion = "Xcode 3.2";
			developmentRegion = English;
			hasScannedForEncodings = 0;
			knownRegions = (
				en,
				Base,
			);
			mainGroup = D68529E81D84DD2700359C9E;
			productRefGroup = D68529F21D84DD2700359C9E /* Products */;
			projectDirPath = "";
			projectRoot = "";
			targets = (
				D68529F01D84DD2700359C9E /* TBVAssetsPicker */,
				D6852A091D84DD2700359C9E /* TBVAssetsPickerTests */,
				D6852A141D84DD2700359C9E /* TBVAssetsPickerUITests */,
			);
		};
/* End PBXProject section */

/* Begin PBXResourcesBuildPhase section */
		D68529EF1D84DD2700359C9E /* Resources */ = {
			isa = PBXResourcesBuildPhase;
			buildActionMask = 2147483647;
			files = (
				D6852A041D84DD2700359C9E /* LaunchScreen.storyboard in Resources */,
				D6852A011D84DD2700359C9E /* Assets.xcassets in Resources */,
				D68529FF1D84DD2700359C9E /* Main.storyboard in Resources */,
			);
			runOnlyForDeploymentPostprocessing = 0;
		};
		D6852A081D84DD2700359C9E /* Resources */ = {
			isa = PBXResourcesBuildPhase;
			buildActionMask = 2147483647;
			files = (
			);
			runOnlyForDeploymentPostprocessing = 0;
		};
		D6852A131D84DD2700359C9E /* Resources */ = {
			isa = PBXResourcesBuildPhase;
			buildActionMask = 2147483647;
			files = (
			);
			runOnlyForDeploymentPostprocessing = 0;
		};
/* End PBXResourcesBuildPhase section */

/* Begin PBXShellScriptBuildPhase section */
		072FA28488AFA8C09B3A22F7 /* 📦 Embed Pods Frameworks */ = {
			isa = PBXShellScriptBuildPhase;
			buildActionMask = 2147483647;
			files = (
			);
			inputPaths = (
			);
			name = "📦 Embed Pods Frameworks";
			outputPaths = (
			);
			runOnlyForDeploymentPostprocessing = 0;
			shellPath = /bin/sh;
			shellScript = "\"${SRCROOT}/Pods/Target Support Files/Pods-TBVAssetsPicker/Pods-TBVAssetsPicker-frameworks.sh\"\n";
			showEnvVarsInLog = 0;
		};
		6C44A7FB13EA4B669BA59086 /* 📦 Copy Pods Resources */ = {
			isa = PBXShellScriptBuildPhase;
			buildActionMask = 2147483647;
			files = (
			);
			inputPaths = (
			);
			name = "📦 Copy Pods Resources";
			outputPaths = (
			);
			runOnlyForDeploymentPostprocessing = 0;
			shellPath = /bin/sh;
			shellScript = "\"${SRCROOT}/Pods/Target Support Files/Pods-TBVAssetsPicker/Pods-TBVAssetsPicker-resources.sh\"\n";
			showEnvVarsInLog = 0;
		};
		BCF3DA71A138EFADB4377F18 /* 📦 Check Pods Manifest.lock */ = {
			isa = PBXShellScriptBuildPhase;
			buildActionMask = 2147483647;
			files = (
			);
			inputPaths = (
			);
			name = "📦 Check Pods Manifest.lock";
			outputPaths = (
			);
			runOnlyForDeploymentPostprocessing = 0;
			shellPath = /bin/sh;
			shellScript = "diff \"${PODS_ROOT}/../Podfile.lock\" \"${PODS_ROOT}/Manifest.lock\" > /dev/null\nif [[ $? != 0 ]] ; then\n    cat << EOM\nerror: The sandbox is not in sync with the Podfile.lock. Run 'pod install' or update your CocoaPods installation.\nEOM\n    exit 1\nfi\n";
			showEnvVarsInLog = 0;
		};
/* End PBXShellScriptBuildPhase section */

/* Begin PBXSourcesBuildPhase section */
		D68529ED1D84DD2700359C9E /* Sources */ = {
			isa = PBXSourcesBuildPhase;
			buildActionMask = 2147483647;
			files = (
				D6852AAC1D84DD7B00359C9E /* TBVAssetsSendToolBar.m in Sources */,
				D6852A951D84DD7B00359C9E /* TBVAssetsPickerManager+ALManager.m in Sources */,
				D6852AA41D84DD7B00359C9E /* TBVAssetsLibrary.m in Sources */,
				D6852AA21D84DD7B00359C9E /* TBVAssetsGridViewModel.m in Sources */,
				D6852AA31D84DD7B00359C9E /* TBVAssetsPickerViewModelHelper.m in Sources */,
				D6852A941D84DD7B00359C9E /* TBVAssetsPickerController+PickerManager.m in Sources */,
				D6852A9A1D84DD7B00359C9E /* TBVAssetsCollectionViewCell.m in Sources */,
				D6852A891D84DD7B00359C9E /* TBVAssetsBrowserItemViewModel.m in Sources */,
				D6852AA51D84DD7B00359C9E /* TBVAssetsPickerManager.m in Sources */,
				D68529FC1D84DD2700359C9E /* ViewController.m in Sources */,
				D6852AAA1D84DD7B00359C9E /* TBVAssetsPickerTypes.m in Sources */,
				D6852A9D1D84DD7B00359C9E /* TBVAssetsPickerAccessDeniedViewController.m in Sources */,
				D6852A981D84DD7B00359C9E /* UIViewController+TBVAssetsPicker.m in Sources */,
				D6852A961D84DD7B00359C9E /* TBVAssetsPickerManager+Authorization.m in Sources */,
				D6852A911D84DD7B00359C9E /* PHFetchOptions+TBVAssetsPicker.m in Sources */,
				D6852A8A1D84DD7B00359C9E /* TBVAssetsBrowserViewCell.m in Sources */,
				D6852A9E1D84DD7B00359C9E /* TBVAssetsGridFlowLayout.m in Sources */,
				D6852A851D84DD7B00359C9E /* TBVAssetsItemViewModel.m in Sources */,
				D6852A9C1D84DD7B00359C9E /* TBVAssetsCollectionViewModel.m in Sources */,
				D6852AAB1D84DD7B00359C9E /* TBVAssetsFileSizeToolBar.m in Sources */,
				D6852AAD1D84DD7B00359C9E /* TBVAssetsToolBarViewModel.m in Sources */,
				D6852AA01D84DD7B00359C9E /* TBVAssetsGridViewCell.m in Sources */,
				D6852AA61D84DD7B00359C9E /* TBVCachingImageManager.m in Sources */,
				D6852A9B1D84DD7B00359C9E /* TBVAssetsCollectionViewController.m in Sources */,
				D6852A8C1D84DD7B00359C9E /* TBVAssetsBrowserViewModel.m in Sources */,
				D6852A931D84DD7B00359C9E /* PHPhotoLibrary+TBVAssetsPicker.m in Sources */,
				D68529F91D84DD2700359C9E /* AppDelegate.m in Sources */,
				D6852AA71D84DD7B00359C9E /* TBVAsset.m in Sources */,
				D6852A901D84DD7B00359C9E /* PHAssetCollection+TBVAssetsPicker.m in Sources */,
				D6852A8D1D84DD7B00359C9E /* ALAssetsFilter+TBVAssetsPicker.m in Sources */,
				D6852A971D84DD7B00359C9E /* TBVAssetsPickerManager+PHManager.m in Sources */,
				D6852A8F1D84DD7B00359C9E /* NSObject+TBVAssetsPicker.m in Sources */,
				D6852A9F1D84DD7B00359C9E /* TBVAssetsGridItemViewModel.m in Sources */,
				D6852A8E1D84DD7B00359C9E /* ALAssetsLibrary+TBVAssetsPicker.m in Sources */,
				D6852A861D84DD7B00359C9E /* TBVAssetsPickerSelectButton.m in Sources */,
				D6852A881D84DD7B00359C9E /* TBVAssetsBrowserFlowLayout.m in Sources */,
				D6852AA81D84DD7B00359C9E /* TBVCollection.m in Sources */,
				D6852A921D84DD7B00359C9E /* PHImageManager+TBVAssetsPicker.m in Sources */,
				D6852A871D84DD7B00359C9E /* TBVAssetsViewModel.m in Sources */,
				D6852AA11D84DD7B00359C9E /* TBVAssetsGridViewController.m in Sources */,
				D6852A8B1D84DD7B00359C9E /* TBVAssetsBrowserViewController.m in Sources */,
				D68529F61D84DD2700359C9E /* main.m in Sources */,
				D6852A991D84DD7B00359C9E /* TBVAssetsCollectionItemViewModel.m in Sources */,
				D6852AA91D84DD7B00359C9E /* TBVAssetsPickerController.m in Sources */,
			);
			runOnlyForDeploymentPostprocessing = 0;
		};
		D6852A061D84DD2700359C9E /* Sources */ = {
			isa = PBXSourcesBuildPhase;
			buildActionMask = 2147483647;
			files = (
				D6852A0F1D84DD2700359C9E /* TBVAssetsPickerTests.m in Sources */,
			);
			runOnlyForDeploymentPostprocessing = 0;
		};
		D6852A111D84DD2700359C9E /* Sources */ = {
			isa = PBXSourcesBuildPhase;
			buildActionMask = 2147483647;
			files = (
				D6852A1A1D84DD2700359C9E /* TBVAssetsPickerUITests.m in Sources */,
			);
			runOnlyForDeploymentPostprocessing = 0;
		};
/* End PBXSourcesBuildPhase section */

/* Begin PBXTargetDependency section */
		D6852A0C1D84DD2700359C9E /* PBXTargetDependency */ = {
			isa = PBXTargetDependency;
			target = D68529F01D84DD2700359C9E /* TBVAssetsPicker */;
			targetProxy = D6852A0B1D84DD2700359C9E /* PBXContainerItemProxy */;
		};
		D6852A171D84DD2700359C9E /* PBXTargetDependency */ = {
			isa = PBXTargetDependency;
			target = D68529F01D84DD2700359C9E /* TBVAssetsPicker */;
			targetProxy = D6852A161D84DD2700359C9E /* PBXContainerItemProxy */;
		};
/* End PBXTargetDependency section */

/* Begin PBXVariantGroup section */
		D68529FD1D84DD2700359C9E /* Main.storyboard */ = {
			isa = PBXVariantGroup;
			children = (
				D68529FE1D84DD2700359C9E /* Base */,
			);
			name = Main.storyboard;
			sourceTree = "<group>";
		};
		D6852A021D84DD2700359C9E /* LaunchScreen.storyboard */ = {
			isa = PBXVariantGroup;
			children = (
				D6852A031D84DD2700359C9E /* Base */,
			);
			name = LaunchScreen.storyboard;
			sourceTree = "<group>";
		};
/* End PBXVariantGroup section */

/* Begin XCBuildConfiguration section */
		D6852A1C1D84DD2700359C9E /* Debug */ = {
			isa = XCBuildConfiguration;
			buildSettings = {
				ALWAYS_SEARCH_USER_PATHS = NO;
				CLANG_ANALYZER_NONNULL = YES;
				CLANG_CXX_LANGUAGE_STANDARD = "gnu++0x";
				CLANG_CXX_LIBRARY = "libc++";
				CLANG_ENABLE_MODULES = YES;
				CLANG_ENABLE_OBJC_ARC = YES;
				CLANG_WARN_BOOL_CONVERSION = YES;
				CLANG_WARN_CONSTANT_CONVERSION = YES;
				CLANG_WARN_DIRECT_OBJC_ISA_USAGE = YES_ERROR;
				CLANG_WARN_EMPTY_BODY = YES;
				CLANG_WARN_ENUM_CONVERSION = YES;
				CLANG_WARN_INT_CONVERSION = YES;
				CLANG_WARN_OBJC_ROOT_CLASS = YES_ERROR;
				CLANG_WARN_UNREACHABLE_CODE = YES;
				CLANG_WARN__DUPLICATE_METHOD_MATCH = YES;
				"CODE_SIGN_IDENTITY[sdk=iphoneos*]" = "iPhone Developer";
				COPY_PHASE_STRIP = NO;
				DEBUG_INFORMATION_FORMAT = dwarf;
				ENABLE_STRICT_OBJC_MSGSEND = YES;
				ENABLE_TESTABILITY = YES;
				GCC_C_LANGUAGE_STANDARD = gnu99;
				GCC_DYNAMIC_NO_PIC = NO;
				GCC_NO_COMMON_BLOCKS = YES;
				GCC_OPTIMIZATION_LEVEL = 0;
				GCC_PREPROCESSOR_DEFINITIONS = (
					"DEBUG=1",
					"$(inherited)",
				);
				GCC_WARN_64_TO_32_BIT_CONVERSION = YES;
				GCC_WARN_ABOUT_RETURN_TYPE = YES_ERROR;
				GCC_WARN_UNDECLARED_SELECTOR = YES;
				GCC_WARN_UNINITIALIZED_AUTOS = YES_AGGRESSIVE;
				GCC_WARN_UNUSED_FUNCTION = YES;
				GCC_WARN_UNUSED_VARIABLE = YES;
				IPHONEOS_DEPLOYMENT_TARGET = 9.3;
				MTL_ENABLE_DEBUG_INFO = YES;
				ONLY_ACTIVE_ARCH = YES;
				SDKROOT = iphoneos;
				TARGETED_DEVICE_FAMILY = "1,2";
			};
			name = Debug;
		};
		D6852A1D1D84DD2700359C9E /* Release */ = {
			isa = XCBuildConfiguration;
			buildSettings = {
				ALWAYS_SEARCH_USER_PATHS = NO;
				CLANG_ANALYZER_NONNULL = YES;
				CLANG_CXX_LANGUAGE_STANDARD = "gnu++0x";
				CLANG_CXX_LIBRARY = "libc++";
				CLANG_ENABLE_MODULES = YES;
				CLANG_ENABLE_OBJC_ARC = YES;
				CLANG_WARN_BOOL_CONVERSION = YES;
				CLANG_WARN_CONSTANT_CONVERSION = YES;
				CLANG_WARN_DIRECT_OBJC_ISA_USAGE = YES_ERROR;
				CLANG_WARN_EMPTY_BODY = YES;
				CLANG_WARN_ENUM_CONVERSION = YES;
				CLANG_WARN_INT_CONVERSION = YES;
				CLANG_WARN_OBJC_ROOT_CLASS = YES_ERROR;
				CLANG_WARN_UNREACHABLE_CODE = YES;
				CLANG_WARN__DUPLICATE_METHOD_MATCH = YES;
				"CODE_SIGN_IDENTITY[sdk=iphoneos*]" = "iPhone Developer";
				COPY_PHASE_STRIP = NO;
				DEBUG_INFORMATION_FORMAT = "dwarf-with-dsym";
				ENABLE_NS_ASSERTIONS = NO;
				ENABLE_STRICT_OBJC_MSGSEND = YES;
				GCC_C_LANGUAGE_STANDARD = gnu99;
				GCC_NO_COMMON_BLOCKS = YES;
				GCC_WARN_64_TO_32_BIT_CONVERSION = YES;
				GCC_WARN_ABOUT_RETURN_TYPE = YES_ERROR;
				GCC_WARN_UNDECLARED_SELECTOR = YES;
				GCC_WARN_UNINITIALIZED_AUTOS = YES_AGGRESSIVE;
				GCC_WARN_UNUSED_FUNCTION = YES;
				GCC_WARN_UNUSED_VARIABLE = YES;
				IPHONEOS_DEPLOYMENT_TARGET = 9.3;
				MTL_ENABLE_DEBUG_INFO = NO;
				SDKROOT = iphoneos;
				TARGETED_DEVICE_FAMILY = "1,2";
				VALIDATE_PRODUCT = YES;
			};
			name = Release;
		};
		D6852A1F1D84DD2700359C9E /* Debug */ = {
			isa = XCBuildConfiguration;
			baseConfigurationReference = CFBC365BD102809CAFEE2702 /* Pods-TBVAssetsPicker.debug.xcconfig */;
			buildSettings = {
				ASSETCATALOG_COMPILER_APPICON_NAME = AppIcon;
				INFOPLIST_FILE = TBVAssetsPicker/Info.plist;
				LD_RUNPATH_SEARCH_PATHS = "$(inherited) @executable_path/Frameworks";
				PRODUCT_BUNDLE_IDENTIFIER = com.triplec.TBVAssetsPicker;
				PRODUCT_NAME = "$(TARGET_NAME)";
			};
			name = Debug;
		};
		D6852A201D84DD2700359C9E /* Release */ = {
			isa = XCBuildConfiguration;
			baseConfigurationReference = 41B99AF05E51E70262C050E4 /* Pods-TBVAssetsPicker.release.xcconfig */;
			buildSettings = {
				ASSETCATALOG_COMPILER_APPICON_NAME = AppIcon;
				INFOPLIST_FILE = TBVAssetsPicker/Info.plist;
				LD_RUNPATH_SEARCH_PATHS = "$(inherited) @executable_path/Frameworks";
				PRODUCT_BUNDLE_IDENTIFIER = com.triplec.TBVAssetsPicker;
				PRODUCT_NAME = "$(TARGET_NAME)";
			};
			name = Release;
		};
		D6852A221D84DD2700359C9E /* Debug */ = {
			isa = XCBuildConfiguration;
			buildSettings = {
				BUNDLE_LOADER = "$(TEST_HOST)";
				INFOPLIST_FILE = TBVAssetsPickerTests/Info.plist;
				LD_RUNPATH_SEARCH_PATHS = "$(inherited) @executable_path/Frameworks @loader_path/Frameworks";
				PRODUCT_BUNDLE_IDENTIFIER = com.triplec.TBVAssetsPickerTests;
				PRODUCT_NAME = "$(TARGET_NAME)";
				TEST_HOST = "$(BUILT_PRODUCTS_DIR)/TBVAssetsPicker.app/TBVAssetsPicker";
			};
			name = Debug;
		};
		D6852A231D84DD2700359C9E /* Release */ = {
			isa = XCBuildConfiguration;
			buildSettings = {
				BUNDLE_LOADER = "$(TEST_HOST)";
				INFOPLIST_FILE = TBVAssetsPickerTests/Info.plist;
				LD_RUNPATH_SEARCH_PATHS = "$(inherited) @executable_path/Frameworks @loader_path/Frameworks";
				PRODUCT_BUNDLE_IDENTIFIER = com.triplec.TBVAssetsPickerTests;
				PRODUCT_NAME = "$(TARGET_NAME)";
				TEST_HOST = "$(BUILT_PRODUCTS_DIR)/TBVAssetsPicker.app/TBVAssetsPicker";
			};
			name = Release;
		};
		D6852A251D84DD2700359C9E /* Debug */ = {
			isa = XCBuildConfiguration;
			buildSettings = {
				INFOPLIST_FILE = TBVAssetsPickerUITests/Info.plist;
				LD_RUNPATH_SEARCH_PATHS = "$(inherited) @executable_path/Frameworks @loader_path/Frameworks";
				PRODUCT_BUNDLE_IDENTIFIER = com.triplec.TBVAssetsPickerUITests;
				PRODUCT_NAME = "$(TARGET_NAME)";
				TEST_TARGET_NAME = TBVAssetsPicker;
			};
			name = Debug;
		};
		D6852A261D84DD2700359C9E /* Release */ = {
			isa = XCBuildConfiguration;
			buildSettings = {
				INFOPLIST_FILE = TBVAssetsPickerUITests/Info.plist;
				LD_RUNPATH_SEARCH_PATHS = "$(inherited) @executable_path/Frameworks @loader_path/Frameworks";
				PRODUCT_BUNDLE_IDENTIFIER = com.triplec.TBVAssetsPickerUITests;
				PRODUCT_NAME = "$(TARGET_NAME)";
				TEST_TARGET_NAME = TBVAssetsPicker;
			};
			name = Release;
		};
/* End XCBuildConfiguration section */

/* Begin XCConfigurationList section */
		D68529EC1D84DD2700359C9E /* Build configuration list for PBXProject "TBVAssetsPicker" */ = {
			isa = XCConfigurationList;
			buildConfigurations = (
				D6852A1C1D84DD2700359C9E /* Debug */,
				D6852A1D1D84DD2700359C9E /* Release */,
			);
			defaultConfigurationIsVisible = 0;
			defaultConfigurationName = Release;
		};
		D6852A1E1D84DD2700359C9E /* Build configuration list for PBXNativeTarget "TBVAssetsPicker" */ = {
			isa = XCConfigurationList;
			buildConfigurations = (
				D6852A1F1D84DD2700359C9E /* Debug */,
				D6852A201D84DD2700359C9E /* Release */,
			);
			defaultConfigurationIsVisible = 0;
			defaultConfigurationName = Release;
		};
		D6852A211D84DD2700359C9E /* Build configuration list for PBXNativeTarget "TBVAssetsPickerTests" */ = {
			isa = XCConfigurationList;
			buildConfigurations = (
				D6852A221D84DD2700359C9E /* Debug */,
				D6852A231D84DD2700359C9E /* Release */,
			);
			defaultConfigurationIsVisible = 0;
			defaultConfigurationName = Release;
		};
		D6852A241D84DD2700359C9E /* Build configuration list for PBXNativeTarget "TBVAssetsPickerUITests" */ = {
			isa = XCConfigurationList;
			buildConfigurations = (
				D6852A251D84DD2700359C9E /* Debug */,
				D6852A261D84DD2700359C9E /* Release */,
			);
			defaultConfigurationIsVisible = 0;
			defaultConfigurationName = Release;
		};
/* End XCConfigurationList section */
	};
	rootObject = D68529E91D84DD2700359C9E /* Project object */;
}
