PODS:
  - CocoaLumberjack (3.3.0):
    - CocoaLumberjack/Default (= 3.3.0)
    - CocoaLumberjack/Extensions (= 3.3.0)
  - CocoaLumberjack/Default (3.3.0)
  - CocoaLumberjack/Extensions (3.3.0):
    - CocoaLumberjack/Default
  - Masonry (1.0.2)
  - ReactiveObjC (3.1.1)
  - TBVAssetsPicker (0.1.0):
    - Masonry
    - ReactiveObjC (~> 3.0)
  - TBVLogger (1.0.0):
    - CocoaLumberjack (~> 3.0)

DEPENDENCIES:
  - Masonry (~> 1.0.0)
  - TBVAssetsPicker (from `../TBVAssetsPicker`)
  - TBVLogger

SPEC REPOS:
  https://github.com/cocoapods/specs.git:
    - CocoaLumberjack
    - Masonry
    - ReactiveObjC
    - TBVLogger

EXTERNAL SOURCES:
  TBVAssetsPicker:
    :path: "../TBVAssetsPicker"

SPEC CHECKSUMS:
  CocoaLumberjack: 3c8c74683302f9012bb168e1c4b7ae3c0b558431
  Masonry: 7c429b56da9d4ee0bbb3ed77a5ea710d6a5df39e
  ReactiveObjC: 011caa393aa0383245f2dcf9bf02e86b80b36040
  TBVAssetsPicker: c9a59a9bd939aa8e8b6941b814e1d86bf7729009
  TBVLogger: 95532524d05c5353def79d07d21ffe20fd51e99f

PODFILE CHECKSUM: 9ac26f70aabc304c35b1243d04028249de749f11

COCOAPODS: 1.6.1
